
Microsoft Visual Studio Solution File, Format Version 12.00
# Visual Studio 15
VisualStudioVersion = 15.0.28307.329
MinimumVisualStudioVersion = 10.0.40219.1
Project("{FAE04EC0-301F-11D3-BF4B-00C04F79EFBC}") = "Task1", "Task1\Task1.csproj", "{6A5CFFA7-CFDC-427B-B5D1-0AAB7415F9AB}"
EndProject
Project("{FAE04EC0-301F-11D3-BF4B-00C04F79EFBC}") = "Task2", "Task2\Task2.csproj", "{B542A8A0-C4DA-46F6-BE1B-EAD6814D3C8D}"
EndProject
Global
	GlobalSection(SolutionConfigurationPlatforms) = preSolution
		Debug|Any CPU = Debug|Any CPU
		Release|Any CPU = Release|Any CPU
	EndGlobalSection
	GlobalSection(ProjectConfigurationPlatforms) = postSolution
		{6A5CFFA7-CFDC-427B-B5D1-0AAB7415F9AB}.Debug|Any CPU.ActiveCfg = Debug|Any CPU
		{6A5CFFA7-CFDC-427B-B5D1-0AAB7415F9AB}.Debug|Any CPU.Build.0 = Debug|Any CPU
		{6A5CFFA7-CFDC-427B-B5D1-0AAB7415F9AB}.Release|Any CPU.ActiveCfg = Release|Any CPU
		{6A5CFFA7-CFDC-427B-B5D1-0AAB7415F9AB}.Release|Any CPU.Build.0 = Release|Any CPU
		{B542A8A0-C4DA-46F6-BE1B-EAD6814D3C8D}.Debug|Any CPU.ActiveCfg = Debug|Any CPU
		{B542A8A0-C4DA-46F6-BE1B-EAD6814D3C8D}.Debug|Any CPU.Build.0 = Debug|Any CPU
		{B542A8A0-C4DA-46F6-BE1B-EAD6814D3C8D}.Release|Any CPU.ActiveCfg = Release|Any CPU
		{B542A8A0-C4DA-46F6-BE1B-EAD6814D3C8D}.Release|Any CPU.Build.0 = Release|Any CPU
	EndGlobalSection
	GlobalSection(SolutionProperties) = preSolution
		HideSolutionNode = FALSE
	EndGlobalSection
	GlobalSection(ExtensibilityGlobals) = postSolution
		SolutionGuid = {355B0D04-F811-45A1-9461-007710B2A5EA}
	EndGlobalSection
EndGlobal
